speakeasyVersion: 1.326.3
sources:
    openapi:
        sourceNamespace: openapi
        sourceRevisionDigest: sha256:05598261653166ecec0452f135a841257121b41ebcb93f8b5656869ae34cba9f
        sourceBlobDigest: sha256:15830fa5001a1c8fda8cf593218df7d2bf2acd4b6da2ea6e5ad7532367042974
        tags:
            - latest
            - main
targets:
    first-target:
        source: openapi
        sourceNamespace: openapi
        sourceRevisionDigest: sha256:05598261653166ecec0452f135a841257121b41ebcb93f8b5656869ae34cba9f
        sourceBlobDigest: sha256:15830fa5001a1c8fda8cf593218df7d2bf2acd4b6da2ea6e5ad7532367042974
        outLocation: packages/opa
workflow:
    workflowVersion: 1.0.0
    speakeasyVersion: latest
    sources:
        openapi:
            inputs:
                - location: https://raw.githubusercontent.com/StyraInc/enterprise-opa/main/openapi/openapi.yaml
            overlays:
                - location: ./.speakeasy/overlay.yaml
            registry:
                location: registry.speakeasyapi.dev/styra/styra/openapi
    targets:
        first-target:
            target: typescript
            source: openapi
            output: packages/opa
